
Microsoft Visual Studio Solution File, Format Version 12.00
# Visual Studio Version 16
VisualStudioVersion = 16.0.32510.428
MinimumVisualStudioVersion = 10.0.40219.1
Project("{FAE04EC0-301F-11D3-BF4B-00C04F79EFBC}") = "Presentacion", "Presentacion\Presentacion.csproj", "{61ED580E-83AB-4DBC-BEA9-A0E9F6A8A454}"
EndProject
Project("{FAE04EC0-301F-11D3-BF4B-00C04F79EFBC}") = "Logica", "Logica\Logica.csproj", "{B79AA74F-7986-4107-9C90-8A69B8E43531}"
EndProject
Project("{FAE04EC0-301F-11D3-BF4B-00C04F79EFBC}") = "Persistencia", "Persistencia\Persistencia.csproj", "{3AEE21AA-2D60-47A6-ADD7-1655B995681B}"
EndProject
Project("{FAE04EC0-301F-11D3-BF4B-00C04F79EFBC}") = "Entidades", "Entidades\Entidades.csproj", "{7034F215-DF24-4795-83C0-E7C05225898A}"
EndProject
Project("{FAE04EC0-301F-11D3-BF4B-00C04F79EFBC}") = "Comunes", "Comunes\Comunes.csproj", "{D6B41D38-B8CB-4D3D-A9E1-CA90811E95F0}"
EndProject
Global
	GlobalSection(SolutionConfigurationPlatforms) = preSolution
		Debug|Any CPU = Debug|Any CPU
		Release|Any CPU = Release|Any CPU
	EndGlobalSection
	GlobalSection(ProjectConfigurationPlatforms) = postSolution
		{61ED580E-83AB-4DBC-BEA9-A0E9F6A8A454}.Debug|Any CPU.ActiveCfg = Debug|Any CPU
		{61ED580E-83AB-4DBC-BEA9-A0E9F6A8A454}.Debug|Any CPU.Build.0 = Debug|Any CPU
		{61ED580E-83AB-4DBC-BEA9-A0E9F6A8A454}.Release|Any CPU.ActiveCfg = Release|Any CPU
		{61ED580E-83AB-4DBC-BEA9-A0E9F6A8A454}.Release|Any CPU.Build.0 = Release|Any CPU
		{B79AA74F-7986-4107-9C90-8A69B8E43531}.Debug|Any CPU.ActiveCfg = Debug|Any CPU
		{B79AA74F-7986-4107-9C90-8A69B8E43531}.Debug|Any CPU.Build.0 = Debug|Any CPU
		{B79AA74F-7986-4107-9C90-8A69B8E43531}.Release|Any CPU.ActiveCfg = Release|Any CPU
		{B79AA74F-7986-4107-9C90-8A69B8E43531}.Release|Any CPU.Build.0 = Release|Any CPU
		{3AEE21AA-2D60-47A6-ADD7-1655B995681B}.Debug|Any CPU.ActiveCfg = Debug|Any CPU
		{3AEE21AA-2D60-47A6-ADD7-1655B995681B}.Debug|Any CPU.Build.0 = Debug|Any CPU
		{3AEE21AA-2D60-47A6-ADD7-1655B995681B}.Release|Any CPU.ActiveCfg = Release|Any CPU
		{3AEE21AA-2D60-47A6-ADD7-1655B995681B}.Release|Any CPU.Build.0 = Release|Any CPU
		{7034F215-DF24-4795-83C0-E7C05225898A}.Debug|Any CPU.ActiveCfg = Debug|Any CPU
		{7034F215-DF24-4795-83C0-E7C05225898A}.Debug|Any CPU.Build.0 = Debug|Any CPU
		{7034F215-DF24-4795-83C0-E7C05225898A}.Release|Any CPU.ActiveCfg = Release|Any CPU
		{7034F215-DF24-4795-83C0-E7C05225898A}.Release|Any CPU.Build.0 = Release|Any CPU
		{D6B41D38-B8CB-4D3D-A9E1-CA90811E95F0}.Debug|Any CPU.ActiveCfg = Debug|Any CPU
		{D6B41D38-B8CB-4D3D-A9E1-CA90811E95F0}.Debug|Any CPU.Build.0 = Debug|Any CPU
		{D6B41D38-B8CB-4D3D-A9E1-CA90811E95F0}.Release|Any CPU.ActiveCfg = Release|Any CPU
		{D6B41D38-B8CB-4D3D-A9E1-CA90811E95F0}.Release|Any CPU.Build.0 = Release|Any CPU
	EndGlobalSection
	GlobalSection(SolutionProperties) = preSolution
		HideSolutionNode = FALSE
	EndGlobalSection
	GlobalSection(ExtensibilityGlobals) = postSolution
		SolutionGuid = {514D46BD-57B8-4C98-8511-3F872B77BAE6}
	EndGlobalSection
EndGlobal
